
Microsoft Visual Studio Solution File, Format Version 12.00
# Visual Studio Version 16
VisualStudioVersion = 16.0.30717.126
MinimumVisualStudioVersion = 10.0.40219.1
Project("{FAE04EC0-301F-11D3-BF4B-00C04F79EFBC}") = "BaseXamarin", "BaseXamarin\BaseXamarin.csproj", "{7B9AA181-B321-4217-8E40-364753E48753}"
EndProject
Project("{FAE04EC0-301F-11D3-BF4B-00C04F79EFBC}") = "BaseXamarin.Android", "BaseXamarin.Android\BaseXamarin.Android.csproj", "{869ABA60-C401-4930-904C-E3F6A84D3A2B}"
EndProject
Project("{FAE04EC0-301F-11D3-BF4B-00C04F79EFBC}") = "BaseXamarin.iOS", "BaseXamarin.iOS\BaseXamarin.iOS.csproj", "{4E5511DD-33D1-46F5-A9A6-0D1183C91470}"
EndProject
Global
	GlobalSection(SolutionConfigurationPlatforms) = preSolution
		Ad-Hoc|Any CPU = Ad-Hoc|Any CPU
		Ad-Hoc|iPhone = Ad-Hoc|iPhone
		Ad-Hoc|iPhoneSimulator = Ad-Hoc|iPhoneSimulator
		AppStore|Any CPU = AppStore|Any CPU
		AppStore|iPhone = AppStore|iPhone
		AppStore|iPhoneSimulator = AppStore|iPhoneSimulator
		Debug|Any CPU = Debug|Any CPU
		Debug|iPhone = Debug|iPhone
		Debug|iPhoneSimulator = Debug|iPhoneSimulator
		Release|Any CPU = Release|Any CPU
		Release|iPhone = Release|iPhone
		Release|iPhoneSimulator = Release|iPhoneSimulator
	EndGlobalSection
	GlobalSection(ProjectConfigurationPlatforms) = postSolution
		{7B9AA181-B321-4217-8E40-364753E48753}.Ad-Hoc|Any CPU.ActiveCfg = Debug|Any CPU
		{7B9AA181-B321-4217-8E40-364753E48753}.Ad-Hoc|Any CPU.Build.0 = Debug|Any CPU
		{7B9AA181-B321-4217-8E40-364753E48753}.Ad-Hoc|iPhone.ActiveCfg = Debug|Any CPU
		{7B9AA181-B321-4217-8E40-364753E48753}.Ad-Hoc|iPhone.Build.0 = Debug|Any CPU
		{7B9AA181-B321-4217-8E40-364753E48753}.Ad-Hoc|iPhoneSimulator.ActiveCfg = Debug|Any CPU
		{7B9AA181-B321-4217-8E40-364753E48753}.Ad-Hoc|iPhoneSimulator.Build.0 = Debug|Any CPU
		{7B9AA181-B321-4217-8E40-364753E48753}.AppStore|Any CPU.ActiveCfg = Debug|Any CPU
		{7B9AA181-B321-4217-8E40-364753E48753}.AppStore|Any CPU.Build.0 = Debug|Any CPU
		{7B9AA181-B321-4217-8E40-364753E48753}.AppStore|iPhone.ActiveCfg = Debug|Any CPU
		{7B9AA181-B321-4217-8E40-364753E48753}.AppStore|iPhone.Build.0 = Debug|Any CPU
		{7B9AA181-B321-4217-8E40-364753E48753}.AppStore|iPhoneSimulator.ActiveCfg = Debug|Any CPU
		{7B9AA181-B321-4217-8E40-364753E48753}.AppStore|iPhoneSimulator.Build.0 = Debug|Any CPU
		{7B9AA181-B321-4217-8E40-364753E48753}.Debug|Any CPU.ActiveCfg = Debug|Any CPU
		{7B9AA181-B321-4217-8E40-364753E48753}.Debug|Any CPU.Build.0 = Debug|Any CPU
		{7B9AA181-B321-4217-8E40-364753E48753}.Debug|iPhone.ActiveCfg = Debug|Any CPU
		{7B9AA181-B321-4217-8E40-364753E48753}.Debug|iPhone.Build.0 = Debug|Any CPU
		{7B9AA181-B321-4217-8E40-364753E48753}.Debug|iPhoneSimulator.ActiveCfg = Debug|Any CPU
		{7B9AA181-B321-4217-8E40-364753E48753}.Debug|iPhoneSimulator.Build.0 = Debug|Any CPU
		{7B9AA181-B321-4217-8E40-364753E48753}.Release|Any CPU.ActiveCfg = Release|Any CPU
		{7B9AA181-B321-4217-8E40-364753E48753}.Release|Any CPU.Build.0 = Release|Any CPU
		{7B9AA181-B321-4217-8E40-364753E48753}.Release|iPhone.ActiveCfg = Release|Any CPU
		{7B9AA181-B321-4217-8E40-364753E48753}.Release|iPhone.Build.0 = Release|Any CPU
		{7B9AA181-B321-4217-8E40-364753E48753}.Release|iPhoneSimulator.ActiveCfg = Release|Any CPU
		{7B9AA181-B321-4217-8E40-364753E48753}.Release|iPhoneSimulator.Build.0 = Release|Any CPU
		{869ABA60-C401-4930-904C-E3F6A84D3A2B}.Ad-Hoc|Any CPU.ActiveCfg = Debug|Any CPU
		{869ABA60-C401-4930-904C-E3F6A84D3A2B}.Ad-Hoc|Any CPU.Build.0 = Debug|Any CPU
		{869ABA60-C401-4930-904C-E3F6A84D3A2B}.Ad-Hoc|Any CPU.Deploy.0 = Debug|Any CPU
		{869ABA60-C401-4930-904C-E3F6A84D3A2B}.Ad-Hoc|iPhone.ActiveCfg = Debug|Any CPU
		{869ABA60-C401-4930-904C-E3F6A84D3A2B}.Ad-Hoc|iPhone.Build.0 = Debug|Any CPU
		{869ABA60-C401-4930-904C-E3F6A84D3A2B}.Ad-Hoc|iPhone.Deploy.0 = Debug|Any CPU
		{869ABA60-C401-4930-904C-E3F6A84D3A2B}.Ad-Hoc|iPhoneSimulator.ActiveCfg = Debug|Any CPU
		{869ABA60-C401-4930-904C-E3F6A84D3A2B}.Ad-Hoc|iPhoneSimulator.Build.0 = Debug|Any CPU
		{869ABA60-C401-4930-904C-E3F6A84D3A2B}.Ad-Hoc|iPhoneSimulator.Deploy.0 = Debug|Any CPU
		{869ABA60-C401-4930-904C-E3F6A84D3A2B}.AppStore|Any CPU.ActiveCfg = Debug|Any CPU
		{869ABA60-C401-4930-904C-E3F6A84D3A2B}.AppStore|Any CPU.Build.0 = Debug|Any CPU
		{869ABA60-C401-4930-904C-E3F6A84D3A2B}.AppStore|Any CPU.Deploy.0 = Debug|Any CPU
		{869ABA60-C401-4930-904C-E3F6A84D3A2B}.AppStore|iPhone.ActiveCfg = Debug|Any CPU
		{869ABA60-C401-4930-904C-E3F6A84D3A2B}.AppStore|iPhone.Build.0 = Debug|Any CPU
		{869ABA60-C401-4930-904C-E3F6A84D3A2B}.AppStore|iPhone.Deploy.0 = Debug|Any CPU
		{869ABA60-C401-4930-904C-E3F6A84D3A2B}.AppStore|iPhoneSimulator.ActiveCfg = Debug|Any CPU
		{869ABA60-C401-4930-904C-E3F6A84D3A2B}.AppStore|iPhoneSimulator.Build.0 = Debug|Any CPU
		{869ABA60-C401-4930-904C-E3F6A84D3A2B}.AppStore|iPhoneSimulator.Deploy.0 = Debug|Any CPU
		{869ABA60-C401-4930-904C-E3F6A84D3A2B}.Debug|Any CPU.ActiveCfg = Debug|Any CPU
		{869ABA60-C401-4930-904C-E3F6A84D3A2B}.Debug|Any CPU.Build.0 = Debug|Any CPU
		{869ABA60-C401-4930-904C-E3F6A84D3A2B}.Debug|Any CPU.Deploy.0 = Debug|Any CPU
		{869ABA60-C401-4930-904C-E3F6A84D3A2B}.Debug|iPhone.ActiveCfg = Debug|Any CPU
		{869ABA60-C401-4930-904C-E3F6A84D3A2B}.Debug|iPhone.Build.0 = Debug|Any CPU
		{869ABA60-C401-4930-904C-E3F6A84D3A2B}.Debug|iPhone.Deploy.0 = Debug|Any CPU
		{869ABA60-C401-4930-904C-E3F6A84D3A2B}.Debug|iPhoneSimulator.ActiveCfg = Debug|Any CPU
		{869ABA60-C401-4930-904C-E3F6A84D3A2B}.Debug|iPhoneSimulator.Build.0 = Debug|Any CPU
		{869ABA60-C401-4930-904C-E3F6A84D3A2B}.Debug|iPhoneSimulator.Deploy.0 = Debug|Any CPU
		{869ABA60-C401-4930-904C-E3F6A84D3A2B}.Release|Any CPU.ActiveCfg = Release|Any CPU
		{869ABA60-C401-4930-904C-E3F6A84D3A2B}.Release|Any CPU.Build.0 = Release|Any CPU
		{869ABA60-C401-4930-904C-E3F6A84D3A2B}.Release|Any CPU.Deploy.0 = Release|Any CPU
		{869ABA60-C401-4930-904C-E3F6A84D3A2B}.Release|iPhone.ActiveCfg = Release|Any CPU
		{869ABA60-C401-4930-904C-E3F6A84D3A2B}.Release|iPhone.Build.0 = Release|Any CPU
		{869ABA60-C401-4930-904C-E3F6A84D3A2B}.Release|iPhone.Deploy.0 = Release|Any CPU
		{869ABA60-C401-4930-904C-E3F6A84D3A2B}.Release|iPhoneSimulator.ActiveCfg = Release|Any CPU
		{869ABA60-C401-4930-904C-E3F6A84D3A2B}.Release|iPhoneSimulator.Build.0 = Release|Any CPU
		{869ABA60-C401-4930-904C-E3F6A84D3A2B}.Release|iPhoneSimulator.Deploy.0 = Release|Any CPU
		{4E5511DD-33D1-46F5-A9A6-0D1183C91470}.Ad-Hoc|Any CPU.ActiveCfg = Ad-Hoc|iPhoneSimulator
		{4E5511DD-33D1-46F5-A9A6-0D1183C91470}.Ad-Hoc|iPhone.ActiveCfg = Ad-Hoc|iPhone
		{4E5511DD-33D1-46F5-A9A6-0D1183C91470}.Ad-Hoc|iPhone.Build.0 = Ad-Hoc|iPhone
		{4E5511DD-33D1-46F5-A9A6-0D1183C91470}.Ad-Hoc|iPhoneSimulator.ActiveCfg = Ad-Hoc|iPhoneSimulator
		{4E5511DD-33D1-46F5-A9A6-0D1183C91470}.Ad-Hoc|iPhoneSimulator.Build.0 = Ad-Hoc|iPhoneSimulator
		{4E5511DD-33D1-46F5-A9A6-0D1183C91470}.AppStore|Any CPU.ActiveCfg = AppStore|iPhoneSimulator
		{4E5511DD-33D1-46F5-A9A6-0D1183C91470}.AppStore|iPhone.ActiveCfg = AppStore|iPhone
		{4E5511DD-33D1-46F5-A9A6-0D1183C91470}.AppStore|iPhone.Build.0 = AppStore|iPhone
		{4E5511DD-33D1-46F5-A9A6-0D1183C91470}.AppStore|iPhoneSimulator.ActiveCfg = AppStore|iPhoneSimulator
		{4E5511DD-33D1-46F5-A9A6-0D1183C91470}.AppStore|iPhoneSimulator.Build.0 = AppStore|iPhoneSimulator
		{4E5511DD-33D1-46F5-A9A6-0D1183C91470}.Debug|Any CPU.ActiveCfg = Debug|iPhoneSimulator
		{4E5511DD-33D1-46F5-A9A6-0D1183C91470}.Debug|iPhone.ActiveCfg = Debug|iPhone
		{4E5511DD-33D1-46F5-A9A6-0D1183C91470}.Debug|iPhone.Build.0 = Debug|iPhone
		{4E5511DD-33D1-46F5-A9A6-0D1183C91470}.Debug|iPhoneSimulator.ActiveCfg = Debug|iPhoneSimulator
		{4E5511DD-33D1-46F5-A9A6-0D1183C91470}.Debug|iPhoneSimulator.Build.0 = Debug|iPhoneSimulator
		{4E5511DD-33D1-46F5-A9A6-0D1183C91470}.Release|Any CPU.ActiveCfg = Release|iPhoneSimulator
		{4E5511DD-33D1-46F5-A9A6-0D1183C91470}.Release|iPhone.ActiveCfg = Release|iPhone
		{4E5511DD-33D1-46F5-A9A6-0D1183C91470}.Release|iPhone.Build.0 = Release|iPhone
		{4E5511DD-33D1-46F5-A9A6-0D1183C91470}.Release|iPhoneSimulator.ActiveCfg = Release|iPhoneSimulator
		{4E5511DD-33D1-46F5-A9A6-0D1183C91470}.Release|iPhoneSimulator.Build.0 = Release|iPhoneSimulator
	EndGlobalSection
	GlobalSection(SolutionProperties) = preSolution
		HideSolutionNode = FALSE
	EndGlobalSection
	GlobalSection(ExtensibilityGlobals) = postSolution
		SolutionGuid = {9917D384-381A-49C7-A17D-5E8AA7920F19}
	EndGlobalSection
EndGlobal
